
Microsoft Visual Studio Solution File, Format Version 12.00
# Visual Studio Version 17
VisualStudioVersion = 17.9.34728.123
MinimumVisualStudioVersion = 10.0.40219.1
Project("{FAE04EC0-301F-11D3-BF4B-00C04F79EFBC}") = "HomeWork4_13_2", "HomeWork4_13_2\HomeWork4_13_2.csproj", "{88759B73-A649-49C9-AF91-D3954EDC2911}"
EndProject
Project("{FAE04EC0-301F-11D3-BF4B-00C04F79EFBC}") = "HomeWork4_13_4", "HomeWork4_13_4\HomeWork4_13_4.csproj", "{8421AB7C-18F8-437D-BD77-92CD45763C93}"
EndProject
Global
	GlobalSection(SolutionConfigurationPlatforms) = preSolution
		Debug|Any CPU = Debug|Any CPU
		Release|Any CPU = Release|Any CPU
	EndGlobalSection
	GlobalSection(ProjectConfigurationPlatforms) = postSolution
		{88759B73-A649-49C9-AF91-D3954EDC2911}.Debug|Any CPU.ActiveCfg = Debug|Any CPU
		{88759B73-A649-49C9-AF91-D3954EDC2911}.Debug|Any CPU.Build.0 = Debug|Any CPU
		{88759B73-A649-49C9-AF91-D3954EDC2911}.Release|Any CPU.ActiveCfg = Release|Any CPU
		{88759B73-A649-49C9-AF91-D3954EDC2911}.Release|Any CPU.Build.0 = Release|Any CPU
		{8421AB7C-18F8-437D-BD77-92CD45763C93}.Debug|Any CPU.ActiveCfg = Debug|Any CPU
		{8421AB7C-18F8-437D-BD77-92CD45763C93}.Debug|Any CPU.Build.0 = Debug|Any CPU
		{8421AB7C-18F8-437D-BD77-92CD45763C93}.Release|Any CPU.ActiveCfg = Release|Any CPU
		{8421AB7C-18F8-437D-BD77-92CD45763C93}.Release|Any CPU.Build.0 = Release|Any CPU
	EndGlobalSection
	GlobalSection(SolutionProperties) = preSolution
		HideSolutionNode = FALSE
	EndGlobalSection
	GlobalSection(ExtensibilityGlobals) = postSolution
		SolutionGuid = {0B47BFEB-B8AE-4DC2-9017-7A4653D5C8D7}
	EndGlobalSection
EndGlobal
